
Microsoft Visual Studio Solution File, Format Version 12.00
# Visual Studio 15
VisualStudioVersion = 15.0.26430.6
MinimumVisualStudioVersion = 10.0.40219.1
Project("{FAE04EC0-301F-11D3-BF4B-00C04F79EFBC}") = "NewsFeed", "NewsFeed\NewsFeed\NewsFeed.csproj", "{4B9FFDE2-E5F4-41FF-9E5C-9F8C64D04873}"
EndProject
Project("{FAE04EC0-301F-11D3-BF4B-00C04F79EFBC}") = "NewsFeed.Android", "NewsFeed\NewsFeed.Android\NewsFeed.Android.csproj", "{AD16CCF2-A0FC-404F-AAF1-ED78B1A8E1C9}"
EndProject
Project("{FAE04EC0-301F-11D3-BF4B-00C04F79EFBC}") = "NewsFeed.iOS", "NewsFeed\NewsFeed.iOS\NewsFeed.iOS.csproj", "{0EA256E9-73B5-458A-84C2-2C127BD1964A}"
EndProject
Project("{FAE04EC0-301F-11D3-BF4B-00C04F79EFBC}") = "NewsFeed.UWP", "NewsFeed\NewsFeed.UWP\NewsFeed.UWP.csproj", "{93007F8B-11F0-45EB-AF0C-2D8CB4CEC552}"
EndProject
Global
	GlobalSection(SolutionConfigurationPlatforms) = preSolution
		Debug|Any CPU = Debug|Any CPU
		Debug|ARM = Debug|ARM
		Debug|iPhone = Debug|iPhone
		Debug|iPhoneSimulator = Debug|iPhoneSimulator
		Debug|x64 = Debug|x64
		Debug|x86 = Debug|x86
		Release|Any CPU = Release|Any CPU
		Release|ARM = Release|ARM
		Release|iPhone = Release|iPhone
		Release|iPhoneSimulator = Release|iPhoneSimulator
		Release|x64 = Release|x64
		Release|x86 = Release|x86
	EndGlobalSection
	GlobalSection(ProjectConfigurationPlatforms) = postSolution
		{4B9FFDE2-E5F4-41FF-9E5C-9F8C64D04873}.Debug|Any CPU.ActiveCfg = Debug|Any CPU
		{4B9FFDE2-E5F4-41FF-9E5C-9F8C64D04873}.Debug|Any CPU.Build.0 = Debug|Any CPU
		{4B9FFDE2-E5F4-41FF-9E5C-9F8C64D04873}.Debug|ARM.ActiveCfg = Debug|Any CPU
		{4B9FFDE2-E5F4-41FF-9E5C-9F8C64D04873}.Debug|ARM.Build.0 = Debug|Any CPU
		{4B9FFDE2-E5F4-41FF-9E5C-9F8C64D04873}.Debug|iPhone.ActiveCfg = Debug|Any CPU
		{4B9FFDE2-E5F4-41FF-9E5C-9F8C64D04873}.Debug|iPhone.Build.0 = Debug|Any CPU
		{4B9FFDE2-E5F4-41FF-9E5C-9F8C64D04873}.Debug|iPhoneSimulator.ActiveCfg = Debug|Any CPU
		{4B9FFDE2-E5F4-41FF-9E5C-9F8C64D04873}.Debug|iPhoneSimulator.Build.0 = Debug|Any CPU
		{4B9FFDE2-E5F4-41FF-9E5C-9F8C64D04873}.Debug|x64.ActiveCfg = Debug|Any CPU
		{4B9FFDE2-E5F4-41FF-9E5C-9F8C64D04873}.Debug|x64.Build.0 = Debug|Any CPU
		{4B9FFDE2-E5F4-41FF-9E5C-9F8C64D04873}.Debug|x86.ActiveCfg = Debug|Any CPU
		{4B9FFDE2-E5F4-41FF-9E5C-9F8C64D04873}.Debug|x86.Build.0 = Debug|Any CPU
		{4B9FFDE2-E5F4-41FF-9E5C-9F8C64D04873}.Release|Any CPU.ActiveCfg = Release|Any CPU
		{4B9FFDE2-E5F4-41FF-9E5C-9F8C64D04873}.Release|Any CPU.Build.0 = Release|Any CPU
		{4B9FFDE2-E5F4-41FF-9E5C-9F8C64D04873}.Release|ARM.ActiveCfg = Release|Any CPU
		{4B9FFDE2-E5F4-41FF-9E5C-9F8C64D04873}.Release|ARM.Build.0 = Release|Any CPU
		{4B9FFDE2-E5F4-41FF-9E5C-9F8C64D04873}.Release|iPhone.ActiveCfg = Release|Any CPU
		{4B9FFDE2-E5F4-41FF-9E5C-9F8C64D04873}.Release|iPhone.Build.0 = Release|Any CPU
		{4B9FFDE2-E5F4-41FF-9E5C-9F8C64D04873}.Release|iPhoneSimulator.ActiveCfg = Release|Any CPU
		{4B9FFDE2-E5F4-41FF-9E5C-9F8C64D04873}.Release|iPhoneSimulator.Build.0 = Release|Any CPU
		{4B9FFDE2-E5F4-41FF-9E5C-9F8C64D04873}.Release|x64.ActiveCfg = Release|Any CPU
		{4B9FFDE2-E5F4-41FF-9E5C-9F8C64D04873}.Release|x64.Build.0 = Release|Any CPU
		{4B9FFDE2-E5F4-41FF-9E5C-9F8C64D04873}.Release|x86.ActiveCfg = Release|Any CPU
		{4B9FFDE2-E5F4-41FF-9E5C-9F8C64D04873}.Release|x86.Build.0 = Release|Any CPU
		{AD16CCF2-A0FC-404F-AAF1-ED78B1A8E1C9}.Debug|Any CPU.ActiveCfg = Debug|Any CPU
		{AD16CCF2-A0FC-404F-AAF1-ED78B1A8E1C9}.Debug|Any CPU.Build.0 = Debug|Any CPU
		{AD16CCF2-A0FC-404F-AAF1-ED78B1A8E1C9}.Debug|Any CPU.Deploy.0 = Debug|Any CPU
		{AD16CCF2-A0FC-404F-AAF1-ED78B1A8E1C9}.Debug|ARM.ActiveCfg = Debug|Any CPU
		{AD16CCF2-A0FC-404F-AAF1-ED78B1A8E1C9}.Debug|ARM.Build.0 = Debug|Any CPU
		{AD16CCF2-A0FC-404F-AAF1-ED78B1A8E1C9}.Debug|ARM.Deploy.0 = Debug|Any CPU
		{AD16CCF2-A0FC-404F-AAF1-ED78B1A8E1C9}.Debug|iPhone.ActiveCfg = Debug|Any CPU
		{AD16CCF2-A0FC-404F-AAF1-ED78B1A8E1C9}.Debug|iPhone.Build.0 = Debug|Any CPU
		{AD16CCF2-A0FC-404F-AAF1-ED78B1A8E1C9}.Debug|iPhone.Deploy.0 = Debug|Any CPU
		{AD16CCF2-A0FC-404F-AAF1-ED78B1A8E1C9}.Debug|iPhoneSimulator.ActiveCfg = Debug|Any CPU
		{AD16CCF2-A0FC-404F-AAF1-ED78B1A8E1C9}.Debug|iPhoneSimulator.Build.0 = Debug|Any CPU
		{AD16CCF2-A0FC-404F-AAF1-ED78B1A8E1C9}.Debug|iPhoneSimulator.Deploy.0 = Debug|Any CPU
		{AD16CCF2-A0FC-404F-AAF1-ED78B1A8E1C9}.Debug|x64.ActiveCfg = Debug|Any CPU
		{AD16CCF2-A0FC-404F-AAF1-ED78B1A8E1C9}.Debug|x64.Build.0 = Debug|Any CPU
		{AD16CCF2-A0FC-404F-AAF1-ED78B1A8E1C9}.Debug|x64.Deploy.0 = Debug|Any CPU
		{AD16CCF2-A0FC-404F-AAF1-ED78B1A8E1C9}.Debug|x86.ActiveCfg = Debug|Any CPU
		{AD16CCF2-A0FC-404F-AAF1-ED78B1A8E1C9}.Debug|x86.Build.0 = Debug|Any CPU
		{AD16CCF2-A0FC-404F-AAF1-ED78B1A8E1C9}.Debug|x86.Deploy.0 = Debug|Any CPU
		{AD16CCF2-A0FC-404F-AAF1-ED78B1A8E1C9}.Release|Any CPU.ActiveCfg = Release|Any CPU
		{AD16CCF2-A0FC-404F-AAF1-ED78B1A8E1C9}.Release|Any CPU.Build.0 = Release|Any CPU
		{AD16CCF2-A0FC-404F-AAF1-ED78B1A8E1C9}.Release|Any CPU.Deploy.0 = Release|Any CPU
		{AD16CCF2-A0FC-404F-AAF1-ED78B1A8E1C9}.Release|ARM.ActiveCfg = Release|Any CPU
		{AD16CCF2-A0FC-404F-AAF1-ED78B1A8E1C9}.Release|ARM.Build.0 = Release|Any CPU
		{AD16CCF2-A0FC-404F-AAF1-ED78B1A8E1C9}.Release|ARM.Deploy.0 = Release|Any CPU
		{AD16CCF2-A0FC-404F-AAF1-ED78B1A8E1C9}.Release|iPhone.ActiveCfg = Release|Any CPU
		{AD16CCF2-A0FC-404F-AAF1-ED78B1A8E1C9}.Release|iPhone.Build.0 = Release|Any CPU
		{AD16CCF2-A0FC-404F-AAF1-ED78B1A8E1C9}.Release|iPhone.Deploy.0 = Release|Any CPU
		{AD16CCF2-A0FC-404F-AAF1-ED78B1A8E1C9}.Release|iPhoneSimulator.ActiveCfg = Release|Any CPU
		{AD16CCF2-A0FC-404F-AAF1-ED78B1A8E1C9}.Release|iPhoneSimulator.Build.0 = Release|Any CPU
		{AD16CCF2-A0FC-404F-AAF1-ED78B1A8E1C9}.Release|iPhoneSimulator.Deploy.0 = Release|Any CPU
		{AD16CCF2-A0FC-404F-AAF1-ED78B1A8E1C9}.Release|x64.ActiveCfg = Release|Any CPU
		{AD16CCF2-A0FC-404F-AAF1-ED78B1A8E1C9}.Release|x64.Build.0 = Release|Any CPU
		{AD16CCF2-A0FC-404F-AAF1-ED78B1A8E1C9}.Release|x64.Deploy.0 = Release|Any CPU
		{AD16CCF2-A0FC-404F-AAF1-ED78B1A8E1C9}.Release|x86.ActiveCfg = Release|Any CPU
		{AD16CCF2-A0FC-404F-AAF1-ED78B1A8E1C9}.Release|x86.Build.0 = Release|Any CPU
		{AD16CCF2-A0FC-404F-AAF1-ED78B1A8E1C9}.Release|x86.Deploy.0 = Release|Any CPU
		{0EA256E9-73B5-458A-84C2-2C127BD1964A}.Debug|Any CPU.ActiveCfg = Debug|iPhone
		{0EA256E9-73B5-458A-84C2-2C127BD1964A}.Debug|ARM.ActiveCfg = Debug|iPhone
		{0EA256E9-73B5-458A-84C2-2C127BD1964A}.Debug|iPhone.ActiveCfg = Debug|iPhone
		{0EA256E9-73B5-458A-84C2-2C127BD1964A}.Debug|iPhone.Build.0 = Debug|iPhone
		{0EA256E9-73B5-458A-84C2-2C127BD1964A}.Debug|iPhoneSimulator.ActiveCfg = Debug|iPhoneSimulator
		{0EA256E9-73B5-458A-84C2-2C127BD1964A}.Debug|iPhoneSimulator.Build.0 = Debug|iPhoneSimulator
		{0EA256E9-73B5-458A-84C2-2C127BD1964A}.Debug|x64.ActiveCfg = Debug|iPhone
		{0EA256E9-73B5-458A-84C2-2C127BD1964A}.Debug|x86.ActiveCfg = Debug|iPhone
		{0EA256E9-73B5-458A-84C2-2C127BD1964A}.Release|Any CPU.ActiveCfg = Release|iPhone
		{0EA256E9-73B5-458A-84C2-2C127BD1964A}.Release|ARM.ActiveCfg = Release|iPhone
		{0EA256E9-73B5-458A-84C2-2C127BD1964A}.Release|iPhone.ActiveCfg = Release|iPhone
		{0EA256E9-73B5-458A-84C2-2C127BD1964A}.Release|iPhone.Build.0 = Release|iPhone
		{0EA256E9-73B5-458A-84C2-2C127BD1964A}.Release|iPhoneSimulator.ActiveCfg = Release|iPhoneSimulator
		{0EA256E9-73B5-458A-84C2-2C127BD1964A}.Release|iPhoneSimulator.Build.0 = Release|iPhoneSimulator
		{0EA256E9-73B5-458A-84C2-2C127BD1964A}.Release|x64.ActiveCfg = Release|iPhone
		{0EA256E9-73B5-458A-84C2-2C127BD1964A}.Release|x86.ActiveCfg = Release|iPhone
		{93007F8B-11F0-45EB-AF0C-2D8CB4CEC552}.Debug|Any CPU.ActiveCfg = Debug|x86
		{93007F8B-11F0-45EB-AF0C-2D8CB4CEC552}.Debug|ARM.ActiveCfg = Debug|ARM
		{93007F8B-11F0-45EB-AF0C-2D8CB4CEC552}.Debug|ARM.Build.0 = Debug|ARM
		{93007F8B-11F0-45EB-AF0C-2D8CB4CEC552}.Debug|ARM.Deploy.0 = Debug|ARM
		{93007F8B-11F0-45EB-AF0C-2D8CB4CEC552}.Debug|iPhone.ActiveCfg = Debug|x86
		{93007F8B-11F0-45EB-AF0C-2D8CB4CEC552}.Debug|iPhoneSimulator.ActiveCfg = Debug|x86
		{93007F8B-11F0-45EB-AF0C-2D8CB4CEC552}.Debug|x64.ActiveCfg = Debug|x64
		{93007F8B-11F0-45EB-AF0C-2D8CB4CEC552}.Debug|x64.Build.0 = Debug|x64
		{93007F8B-11F0-45EB-AF0C-2D8CB4CEC552}.Debug|x64.Deploy.0 = Debug|x64
		{93007F8B-11F0-45EB-AF0C-2D8CB4CEC552}.Debug|x86.ActiveCfg = Debug|x86
		{93007F8B-11F0-45EB-AF0C-2D8CB4CEC552}.Debug|x86.Build.0 = Debug|x86
		{93007F8B-11F0-45EB-AF0C-2D8CB4CEC552}.Debug|x86.Deploy.0 = Debug|x86
		{93007F8B-11F0-45EB-AF0C-2D8CB4CEC552}.Release|Any CPU.ActiveCfg = Release|x86
		{93007F8B-11F0-45EB-AF0C-2D8CB4CEC552}.Release|ARM.ActiveCfg = Release|ARM
		{93007F8B-11F0-45EB-AF0C-2D8CB4CEC552}.Release|ARM.Build.0 = Release|ARM
		{93007F8B-11F0-45EB-AF0C-2D8CB4CEC552}.Release|ARM.Deploy.0 = Release|ARM
		{93007F8B-11F0-45EB-AF0C-2D8CB4CEC552}.Release|iPhone.ActiveCfg = Release|x86
		{93007F8B-11F0-45EB-AF0C-2D8CB4CEC552}.Release|iPhoneSimulator.ActiveCfg = Release|x86
		{93007F8B-11F0-45EB-AF0C-2D8CB4CEC552}.Release|x64.ActiveCfg = Release|x64
		{93007F8B-11F0-45EB-AF0C-2D8CB4CEC552}.Release|x64.Build.0 = Release|x64
		{93007F8B-11F0-45EB-AF0C-2D8CB4CEC552}.Release|x64.Deploy.0 = Release|x64
		{93007F8B-11F0-45EB-AF0C-2D8CB4CEC552}.Release|x86.ActiveCfg = Release|x86
		{93007F8B-11F0-45EB-AF0C-2D8CB4CEC552}.Release|x86.Build.0 = Release|x86
		{93007F8B-11F0-45EB-AF0C-2D8CB4CEC552}.Release|x86.Deploy.0 = Release|x86
	EndGlobalSection
	GlobalSection(SolutionProperties) = preSolution
		HideSolutionNode = FALSE
	EndGlobalSection
EndGlobal
